// !$*UTF8*$!
{
	archiveVersion = 1;
	classes = {
	};
	objectVersion = 55;
	objects = {

/* Begin PBXBuildFile section */
		4B80F12A28ACDDBC006D0C24 /* PathScrollViewDemoApp.swift in Sources */ = {isa = PBXBuildFile; fileRef = 4B80F12928ACDDBC006D0C24 /* PathScrollViewDemoApp.swift */; };
		4B80F12C28ACDDBC006D0C24 /* ContentView.swift in Sources */ = {isa = PBXBuildFile; fileRef = 4B80F12B28ACDDBC006D0C24 /* ContentView.swift */; };
		4B80F12E28ACDDBE006D0C24 /* Assets.xcassets in Resources */ = {isa = PBXBuildFile; fileRef = 4B80F12D28ACDDBE006D0C24 /* Assets.xcassets */; };
		4B80F13128ACDDBE006D0C24 /* Preview Assets.xcassets in Resources */ = {isa = PBXBuildFile; fileRef = 4B80F13028ACDDBE006D0C24 /* Preview Assets.xcassets */; };
		4B80F13A28ACE778006D0C24 /* PathScrollView.swift in Sources */ = {isa = PBXBuildFile; fileRef = 4B80F13928ACE778006D0C24 /* PathScrollView.swift */; };
/* End PBXBuildFile section */

/* Begin PBXFileReference section */
		4B80F12628ACDDBC006D0C24 /* PathScrollViewDemo.app */ = {isa = PBXFileReference; explicitFileType = wrapper.application; includeInIndex = 0; path = PathScrollViewDemo.app; sourceTree = BUILT_PRODUCTS_DIR; };
		4B80F12928ACDDBC006D0C24 /* PathScrollViewDemoApp.swift */ = {isa = PBXFileReference; lastKnownFileType = sourcecode.swift; path = PathScrollViewDemoApp.swift; sourceTree = "<group>"; };
		4B80F12B28ACDDBC006D0C24 /* ContentView.swift */ = {isa = PBXFileReference; lastKnownFileType = sourcecode.swift; path = ContentView.swift; sourceTree = "<group>"; };
		4B80F12D28ACDDBE006D0C24 /* Assets.xcassets */ = {isa = PBXFileReference; lastKnownFileType = folder.assetcatalog; path = Assets.xcassets; sourceTree = "<group>"; };
		4B80F13028ACDDBE006D0C24 /* Preview Assets.xcassets */ = {isa = PBXFileReference; lastKnownFileType = folder.assetcatalog; path = "Preview Assets.xcassets"; sourceTree = "<group>"; };
		4B80F13228ACDDBE006D0C24 /* PathScrollViewDemo.entitlements */ = {isa = PBXFileReference; lastKnownFileType = text.plist.entitlements; path = PathScrollViewDemo.entitlements; sourceTree = "<group>"; };
		4B80F13928ACE778006D0C24 /* PathScrollView.swift */ = {isa = PBXFileReference; lastKnownFileType = sourcecode.swift; path = PathScrollView.swift; sourceTree = "<group>"; };
/* End PBXFileReference section */

/* Begin PBXFrameworksBuildPhase section */
		4B80F12328ACDDBC006D0C24 /* Frameworks */ = {
			isa = PBXFrameworksBuildPhase;
			buildActionMask = 2147483647;
			files = (
			);
			runOnlyForDeploymentPostprocessing = 0;
		};
/* End PBXFrameworksBuildPhase section */

/* Begin PBXGroup section */
		4B80F11D28ACDDBC006D0C24 = {
			isa = PBXGroup;
			children = (
				4B80F12828ACDDBC006D0C24 /* PathScrollViewDemo */,
				4B80F12728ACDDBC006D0C24 /* Products */,
			);
			sourceTree = "<group>";
		};
		4B80F12728ACDDBC006D0C24 /* Products */ = {
			isa = PBXGroup;
			children = (
				4B80F12628ACDDBC006D0C24 /* PathScrollViewDemo.app */,
			);
			name = Products;
			sourceTree = "<group>";
		};
		4B80F12828ACDDBC006D0C24 /* PathScrollViewDemo */ = {
			isa = PBXGroup;
			children = (
				4B80F12928ACDDBC006D0C24 /* PathScrollViewDemoApp.swift */,
				4B80F12B28ACDDBC006D0C24 /* ContentView.swift */,
				4B80F13828ACE769006D0C24 /* Source */,
				4B80F12D28ACDDBE006D0C24 /* Assets.xcassets */,
				4B80F13228ACDDBE006D0C24 /* PathScrollViewDemo.entitlements */,
				4B80F12F28ACDDBE006D0C24 /* Preview Content */,
			);
			path = PathScrollViewDemo;
			sourceTree = "<group>";
		};
		4B80F12F28ACDDBE006D0C24 /* Preview Content */ = {
			isa = PBXGroup;
			children = (
				4B80F13028ACDDBE006D0C24 /* Preview Assets.xcassets */,
			);
			path = "Preview Content";
			sourceTree = "<group>";
		};
		4B80F13828ACE769006D0C24 /* Source */ = {
			isa = PBXGroup;
			children = (
				4B80F13928ACE778006D0C24 /* PathScrollView.swift */,
			);
			name = Source;
			path = ../../Source;
			sourceTree = "<group>";
		};
/* End PBXGroup section */

/* Begin PBXNativeTarget section */
		4B80F12528ACDDBC006D0C24 /* PathScrollViewDemo */ = {
			isa = PBXNativeTarget;
			buildConfigurationList = 4B80F13528ACDDBE006D0C24 /* Build configuration list for PBXNativeTarget "PathScrollViewDemo" */;
			buildPhases = (
				4B80F12228ACDDBC006D0C24 /* Sources */,
				4B80F12328ACDDBC006D0C24 /* Frameworks */,
				4B80F12428ACDDBC006D0C24 /* Resources */,
			);
			buildRules = (
			);
			dependencies = (
			);
			name = PathScrollViewDemo;
			productName = PathScrollViewDemo;
			productReference = 4B80F12628ACDDBC006D0C24 /* PathScrollViewDemo.app */;
			productType = "com.apple.product-type.application";
		};
/* End PBXNativeTarget section */

/* Begin PBXProject section */
		4B80F11E28ACDDBC006D0C24 /* Project object */ = {
			isa = PBXProject;
			attributes = {
				BuildIndependentTargetsInParallel = 1;
				LastSwiftUpdateCheck = 1330;
				LastUpgradeCheck = 1330;
				TargetAttributes = {
					4B80F12528ACDDBC006D0C24 = {
						CreatedOnToolsVersion = 13.3.1;
					};
				};
			};
			buildConfigurationList = 4B80F12128ACDDBC006D0C24 /* Build configuration list for PBXProject "PathScrollViewDemo" */;
			compatibilityVersion = "Xcode 13.0";
			developmentRegion = en;
			hasScannedForEncodings = 0;
			knownRegions = (
				en,
				Base,
			);
			mainGroup = 4B80F11D28ACDDBC006D0C24;
			productRefGroup = 4B80F12728ACDDBC006D0C24 /* Products */;
			projectDirPath = "";
			projectRoot = "";
			targets = (
				4B80F12528ACDDBC006D0C24 /* PathScrollViewDemo */,
			);
		};
/* End PBXProject section */

/* Begin PBXResourcesBuildPhase section */
		4B80F12428ACDDBC006D0C24 /* Resources */ = {
			isa = PBXResourcesBuildPhase;
			buildActionMask = 2147483647;
			files = (
				4B80F13128ACDDBE006D0C24 /* Preview Assets.xcassets in Resources */,
				4B80F12E28ACDDBE006D0C24 /* Assets.xcassets in Resources */,
			);
			runOnlyForDeploymentPostprocessing = 0;
		};
/* End PBXResourcesBuildPhase section */

/* Begin PBXSourcesBuildPhase section */
		4B80F12228ACDDBC006D0C24 /* Sources */ = {
			isa = PBXSourcesBuildPhase;
			buildActionMask = 2147483647;
			files = (
				4B80F13A28ACE778006D0C24 /* PathScrollView.swift in Sources */,
				4B80F12C28ACDDBC006D0C24 /* ContentView.swift in Sources */,
				4B80F12A28ACDDBC006D0C24 /* PathScrollViewDemoApp.swift in Sources */,
			);
			runOnlyForDeploymentPostprocessing = 0;
		};
/* End PBXSourcesBuildPhase section */

/* Begin XCBuildConfiguration section */
		4B80F13328ACDDBE006D0C24 /* Debug */ = {
			isa = XCBuildConfiguration;
			buildSettings = {
				ALWAYS_SEARCH_USER_PATHS = NO;
				CLANG_ANALYZER_NONNULL = YES;
				CLANG_ANALYZER_NUMBER_OBJECT_CONVERSION = YES_AGGRESSIVE;
				CLANG_CXX_LANGUAGE_STANDARD = "gnu++17";
				CLANG_ENABLE_MODULES = YES;
				CLANG_ENABLE_OBJC_ARC = YES;
				CLANG_ENABLE_OBJC_WEAK = YES;
				CLANG_WARN_BLOCK_CAPTURE_AUTORELEASING = YES;
				CLANG_WARN_BOOL_CONVERSION = YES;
				CLANG_WARN_COMMA = YES;
				CLANG_WARN_CONSTANT_CONVERSION = YES;
				CLANG_WARN_DEPRECATED_OBJC_IMPLEMENTATIONS = YES;
				CLANG_WARN_DIRECT_OBJC_ISA_USAGE = YES_ERROR;
				CLANG_WARN_DOCUMENTATION_COMMENTS = YES;
				CLANG_WARN_EMPTY_BODY = YES;
				CLANG_WARN_ENUM_CONVERSION = YES;
				CLANG_WARN_INFINITE_RECURSION = YES;
				CLANG_WARN_INT_CONVERSION = YES;
				CLANG_WARN_NON_LITERAL_NULL_CONVERSION = YES;
				CLANG_WARN_OBJC_IMPLICIT_RETAIN_SELF = YES;
				CLANG_WARN_OBJC_LITERAL_CONVERSION = YES;
				CLANG_WARN_OBJC_ROOT_CLASS = YES_ERROR;
				CLANG_WARN_QUOTED_INCLUDE_IN_FRAMEWORK_HEADER = YES;
				CLANG_WARN_RANGE_LOOP_ANALYSIS = YES;
				CLANG_WARN_STRICT_PROTOTYPES = YES;
				CLANG_WARN_SUSPICIOUS_MOVE = YES;
				CLANG_WARN_UNGUARDED_AVAILABILITY = YES_AGGRESSIVE;
				CLANG_WARN_UNREACHABLE_CODE = YES;
				CLANG_WARN__DUPLICATE_METHOD_MATCH = YES;
				COPY_PHASE_STRIP = NO;
				DEBUG_INFORMATION_FORMAT = dwarf;
				ENABLE_STRICT_OBJC_MSGSEND = YES;
				ENABLE_TESTABILITY = YES;
				GCC_C_LANGUAGE_STANDARD = gnu11;
				GCC_DYNAMIC_NO_PIC = NO;
				GCC_NO_COMMON_BLOCKS = YES;
				GCC_OPTIMIZATION_LEVEL = 0;
				GCC_PREPROCESSOR_DEFINITIONS = (
					"DEBUG=1",
					"$(inherited)",
				);
				GCC_WARN_64_TO_32_BIT_CONVERSION = YES;
				GCC_WARN_ABOUT_RETURN_TYPE = YES_ERROR;
				GCC_WARN_UNDECLARED_SELECTOR = YES;
				GCC_WARN_UNINITIALIZED_AUTOS = YES_AGGRESSIVE;
				GCC_WARN_UNUSED_FUNCTION = YES;
				GCC_WARN_UNUSED_VARIABLE = YES;
				MACOSX_DEPLOYMENT_TARGET = 12.3;
				MTL_ENABLE_DEBUG_INFO = INCLUDE_SOURCE;
				MTL_FAST_MATH = YES;
				ONLY_ACTIVE_ARCH = YES;
				SDKROOT = macosx;
				SWIFT_ACTIVE_COMPILATION_CONDITIONS = DEBUG;
				SWIFT_OPTIMIZATION_LEVEL = "-Onone";
			};
			name = Debug;
		};
		4B80F13428ACDDBE006D0C24 /* Release */ = {
			isa = XCBuildConfiguration;
			buildSettings = {
				ALWAYS_SEARCH_USER_PATHS = NO;
				CLANG_ANALYZER_NONNULL = YES;
				CLANG_ANALYZER_NUMBER_OBJECT_CONVERSION = YES_AGGRESSIVE;
				CLANG_CXX_LANGUAGE_STANDARD = "gnu++17";
				CLANG_ENABLE_MODULES = YES;
				CLANG_ENABLE_OBJC_ARC = YES;
				CLANG_ENABLE_OBJC_WEAK = YES;
				CLANG_WARN_BLOCK_CAPTURE_AUTORELEASING = YES;
				CLANG_WARN_BOOL_CONVERSION = YES;
				CLANG_WARN_COMMA = YES;
				CLANG_WARN_CONSTANT_CONVERSION = YES;
				CLANG_WARN_DEPRECATED_OBJC_IMPLEMENTATIONS = YES;
				CLANG_WARN_DIRECT_OBJC_ISA_USAGE = YES_ERROR;
				CLANG_WARN_DOCUMENTATION_COMMENTS = YES;
				CLANG_WARN_EMPTY_BODY = YES;
				CLANG_WARN_ENUM_CONVERSION = YES;
				CLANG_WARN_INFINITE_RECURSION = YES;
				CLANG_WARN_INT_CONVERSION = YES;
				CLANG_WARN_NON_LITERAL_NULL_CONVERSION = YES;
				CLANG_WARN_OBJC_IMPLICIT_RETAIN_SELF = YES;
				CLANG_WARN_OBJC_LITERAL_CONVERSION = YES;
				CLANG_WARN_OBJC_ROOT_CLASS = YES_ERROR;
				CLANG_WARN_QUOTED_INCLUDE_IN_FRAMEWORK_HEADER = YES;
				CLANG_WARN_RANGE_LOOP_ANALYSIS = YES;
				CLANG_WARN_STRICT_PROTOTYPES = YES;
				CLANG_WARN_SUSPICIOUS_MOVE = YES;
				CLANG_WARN_UNGUARDED_AVAILABILITY = YES_AGGRESSIVE;
				CLANG_WARN_UNREACHABLE_CODE = YES;
				CLANG_WARN__DUPLICATE_METHOD_MATCH = YES;
				COPY_PHASE_STRIP = NO;
				DEBUG_INFORMATION_FORMAT = "dwarf-with-dsym";
				ENABLE_NS_ASSERTIONS = NO;
				ENABLE_STRICT_OBJC_MSGSEND = YES;
				GCC_C_LANGUAGE_STANDARD = gnu11;
				GCC_NO_COMMON_BLOCKS = YES;
				GCC_WARN_64_TO_32_BIT_CONVERSION = YES;
				GCC_WARN_ABOUT_RETURN_TYPE = YES_ERROR;
				GCC_WARN_UNDECLARED_SELECTOR = YES;
				GCC_WARN_UNINITIALIZED_AUTOS = YES_AGGRESSIVE;
				GCC_WARN_UNUSED_FUNCTION = YES;
				GCC_WARN_UNUSED_VARIABLE = YES;
				MACOSX_DEPLOYMENT_TARGET = 12.3;
				MTL_ENABLE_DEBUG_INFO = NO;
				MTL_FAST_MATH = YES;
				SDKROOT = macosx;
				SWIFT_COMPILATION_MODE = wholemodule;
				SWIFT_OPTIMIZATION_LEVEL = "-O";
			};
			name = Release;
		};
		4B80F13628ACDDBE006D0C24 /* Debug */ = {
			isa = XCBuildConfiguration;
			buildSettings = {
				ASSETCATALOG_COMPILER_APPICON_NAME = AppIcon;
				ASSETCATALOG_COMPILER_GLOBAL_ACCENT_COLOR_NAME = AccentColor;
				CODE_SIGN_ENTITLEMENTS = PathScrollViewDemo/PathScrollViewDemo.entitlements;
				CODE_SIGN_STYLE = Automatic;
				COMBINE_HIDPI_IMAGES = YES;
				CURRENT_PROJECT_VERSION = 1;
				DEVELOPMENT_ASSET_PATHS = "\"PathScrollViewDemo/Preview Content\"";
				ENABLE_PREVIEWS = YES;
				GENERATE_INFOPLIST_FILE = YES;
				INFOPLIST_KEY_NSHumanReadableCopyright = "";
				LD_RUNPATH_SEARCH_PATHS = (
					"$(inherited)",
					"@executable_path/../Frameworks",
				);
				MARKETING_VERSION = 1.0;
				PRODUCT_BUNDLE_IDENTIFIER = com.daniel.PathScrollViewDemo;
				PRODUCT_NAME = "$(TARGET_NAME)";
				SWIFT_EMIT_LOC_STRINGS = YES;
				SWIFT_VERSION = 5.0;
			};
			name = Debug;
		};
		4B80F13728ACDDBE006D0C24 /* Release */ = {
			isa = XCBuildConfiguration;
			buildSettings = {
				ASSETCATALOG_COMPILER_APPICON_NAME = AppIcon;
				ASSETCATALOG_COMPILER_GLOBAL_ACCENT_COLOR_NAME = AccentColor;
				CODE_SIGN_ENTITLEMENTS = PathScrollViewDemo/PathScrollViewDemo.entitlements;
				CODE_SIGN_STYLE = Automatic;
				COMBINE_HIDPI_IMAGES = YES;
				CURRENT_PROJECT_VERSION = 1;
				DEVELOPMENT_ASSET_PATHS = "\"PathScrollViewDemo/Preview Content\"";
				ENABLE_PREVIEWS = YES;
				GENERATE_INFOPLIST_FILE = YES;
				INFOPLIST_KEY_NSHumanReadableCopyright = "";
				LD_RUNPATH_SEARCH_PATHS = (
					"$(inherited)",
					"@executable_path/../Frameworks",
				);
				MARKETING_VERSION = 1.0;
				PRODUCT_BUNDLE_IDENTIFIER = com.daniel.PathScrollViewDemo;
				PRODUCT_NAME = "$(TARGET_NAME)";
				SWIFT_EMIT_LOC_STRINGS = YES;
				SWIFT_VERSION = 5.0;
			};
			name = Release;
		};
/* End XCBuildConfiguration section */

/* Begin XCConfigurationList section */
		4B80F12128ACDDBC006D0C24 /* Build configuration list for PBXProject "PathScrollViewDemo" */ = {
			isa = XCConfigurationList;
			buildConfigurations = (
				4B80F13328ACDDBE006D0C24 /* Debug */,
				4B80F13428ACDDBE006D0C24 /* Release */,
			);
			defaultConfigurationIsVisible = 0;
			defaultConfigurationName = Release;
		};
		4B80F13528ACDDBE006D0C24 /* Build configuration list for PBXNativeTarget "PathScrollViewDemo" */ = {
			isa = XCConfigurationList;
			buildConfigurations = (
				4B80F13628ACDDBE006D0C24 /* Debug */,
				4B80F13728ACDDBE006D0C24 /* Release */,
			);
			defaultConfigurationIsVisible = 0;
			defaultConfigurationName = Release;
		};
/* End XCConfigurationList section */
	};
	rootObject = 4B80F11E28ACDDBC006D0C24 /* Project object */;
}
